
Microsoft Visual Studio Solution File, Format Version 12.00
# Visual Studio Version 17
VisualStudioVersion = 17.5.002.0
MinimumVisualStudioVersion = 10.0.40219.1
Project("{2150E333-8FDC-42A3-9474-1A3956D46DE8}") = "1-Project-Zero", "1-Project-Zero", "{3A296110-94A4-4EFD-8BF7-3F6DDB63FBFA}"
EndProject
Project("{9A19103F-16F7-4668-BE54-9A1E7A4F7556}") = "VS-Tracking-App", "1-Project-Zero\VS-Tracking-App\VS-Tracking-App.csproj", "{1A26283A-05C6-454A-915E-3D85423B2377}"
EndProject
Global
	GlobalSection(SolutionConfigurationPlatforms) = preSolution
		Debug|Any CPU = Debug|Any CPU
		Release|Any CPU = Release|Any CPU
	EndGlobalSection
	GlobalSection(ProjectConfigurationPlatforms) = postSolution
		{1A26283A-05C6-454A-915E-3D85423B2377}.Debug|Any CPU.ActiveCfg = Debug|Any CPU
		{1A26283A-05C6-454A-915E-3D85423B2377}.Debug|Any CPU.Build.0 = Debug|Any CPU
		{1A26283A-05C6-454A-915E-3D85423B2377}.Release|Any CPU.ActiveCfg = Release|Any CPU
		{1A26283A-05C6-454A-915E-3D85423B2377}.Release|Any CPU.Build.0 = Release|Any CPU
	EndGlobalSection
	GlobalSection(SolutionProperties) = preSolution
		HideSolutionNode = FALSE
	EndGlobalSection
	GlobalSection(NestedProjects) = preSolution
		{1A26283A-05C6-454A-915E-3D85423B2377} = {3A296110-94A4-4EFD-8BF7-3F6DDB63FBFA}
	EndGlobalSection
	GlobalSection(ExtensibilityGlobals) = postSolution
		SolutionGuid = {105CA655-E6E1-4504-8FCD-E2416AD7DBE6}
	EndGlobalSection
EndGlobal
